
Microsoft Visual Studio Solution File, Format Version 12.00
# Visual Studio Version 16
VisualStudioVersion = 16.0.29911.84
MinimumVisualStudioVersion = 10.0.40219.1
Project("{FAE04EC0-301F-11D3-BF4B-00C04F79EFBC}") = "ImportacaoUsuarios", "ImportacaoUsuarios\ImportacaoUsuarios.csproj", "{C7E26CD5-3A74-4766-B935-F33A0552477C}"
EndProject
Global
	GlobalSection(SolutionConfigurationPlatforms) = preSolution
		Debug|Any CPU = Debug|Any CPU
		Release|Any CPU = Release|Any CPU
	EndGlobalSection
	GlobalSection(ProjectConfigurationPlatforms) = postSolution
		{C7E26CD5-3A74-4766-B935-F33A0552477C}.Debug|Any CPU.ActiveCfg = Debug|Any CPU
		{C7E26CD5-3A74-4766-B935-F33A0552477C}.Debug|Any CPU.Build.0 = Debug|Any CPU
		{C7E26CD5-3A74-4766-B935-F33A0552477C}.Release|Any CPU.ActiveCfg = Release|Any CPU
		{C7E26CD5-3A74-4766-B935-F33A0552477C}.Release|Any CPU.Build.0 = Release|Any CPU
	EndGlobalSection
	GlobalSection(SolutionProperties) = preSolution
		HideSolutionNode = FALSE
	EndGlobalSection
	GlobalSection(ExtensibilityGlobals) = postSolution
		SolutionGuid = {B816E01E-3986-4065-85A6-3A5E735090CD}
	EndGlobalSection
EndGlobal
